
Microsoft Visual Studio Solution File, Format Version 12.00
# Visual Studio Version 16
VisualStudioVersion = 16.0.29728.190
MinimumVisualStudioVersion = 10.0.40219.1
Project("{FAE04EC0-301F-11D3-BF4B-00C04F79EFBC}") = "CanvasAPITool", "CanvasAPITool\CanvasAPITool.csproj", "{50F19723-3571-4211-8B2B-59BED208C1BB}"
EndProject
Global
	GlobalSection(SolutionConfigurationPlatforms) = preSolution
		Debug|Any CPU = Debug|Any CPU
		Release|Any CPU = Release|Any CPU
	EndGlobalSection
	GlobalSection(ProjectConfigurationPlatforms) = postSolution
		{50F19723-3571-4211-8B2B-59BED208C1BB}.Debug|Any CPU.ActiveCfg = Debug|Any CPU
		{50F19723-3571-4211-8B2B-59BED208C1BB}.Debug|Any CPU.Build.0 = Debug|Any CPU
		{50F19723-3571-4211-8B2B-59BED208C1BB}.Release|Any CPU.ActiveCfg = Release|Any CPU
		{50F19723-3571-4211-8B2B-59BED208C1BB}.Release|Any CPU.Build.0 = Release|Any CPU
	EndGlobalSection
	GlobalSection(SolutionProperties) = preSolution
		HideSolutionNode = FALSE
	EndGlobalSection
	GlobalSection(ExtensibilityGlobals) = postSolution
		SolutionGuid = {7F4E2779-AFD2-46BF-A263-C6AD627A15E5}
	EndGlobalSection
EndGlobal
